
Microsoft Visual Studio Solution File, Format Version 12.00
# Visual Studio Version 17
VisualStudioVersion = 17.8.34511.84
MinimumVisualStudioVersion = 10.0.40219.1
Project("{9A19103F-16F7-4668-BE54-9A1E7A4F7556}") = "CleanCore.Domain", "CleanCore.Domain\CleanCore.Domain.csproj", "{58A13D1C-6262-42C7-BC3D-1B28CA46C243}"
EndProject
Project("{9A19103F-16F7-4668-BE54-9A1E7A4F7556}") = "CleanCore.Application", "CleanCore.Application\CleanCore.Application.csproj", "{6F52D931-D8EA-488F-B6BD-FFCCB5A9C1A4}"
EndProject
Project("{9A19103F-16F7-4668-BE54-9A1E7A4F7556}") = "CleanCore.Infrastructure", "CleanCore.Infrastructure\CleanCore.Infrastructure.csproj", "{EA3498A3-97EF-45B8-A56B-3BB503F652AF}"
EndProject
Project("{9A19103F-16F7-4668-BE54-9A1E7A4F7556}") = "CleanCore.Web", "CleanCore.Web\CleanCore.Web.csproj", "{30FE903A-7BF3-4F0E-920D-9C3E1E0F4A0A}"
EndProject
Project("{9A19103F-16F7-4668-BE54-9A1E7A4F7556}") = "CleanCore.Examples.CounterWebApp", "CleanCore.Examples.CounterWebApp\CleanCore.Examples.CounterWebApp.csproj", "{C03E0306-8FB8-41D4-95E2-4FEF7A7F6AD6}"
EndProject
Project("{2150E333-8FDC-42A3-9474-1A3956D46DE8}") = "Examples", "Examples", "{8C92EB51-CA6A-4B22-BC07-815B7F050673}"
EndProject
Global
	GlobalSection(SolutionConfigurationPlatforms) = preSolution
		Debug|Any CPU = Debug|Any CPU
		Release|Any CPU = Release|Any CPU
	EndGlobalSection
	GlobalSection(ProjectConfigurationPlatforms) = postSolution
		{58A13D1C-6262-42C7-BC3D-1B28CA46C243}.Debug|Any CPU.ActiveCfg = Debug|Any CPU
		{58A13D1C-6262-42C7-BC3D-1B28CA46C243}.Debug|Any CPU.Build.0 = Debug|Any CPU
		{58A13D1C-6262-42C7-BC3D-1B28CA46C243}.Release|Any CPU.ActiveCfg = Release|Any CPU
		{58A13D1C-6262-42C7-BC3D-1B28CA46C243}.Release|Any CPU.Build.0 = Release|Any CPU
		{6F52D931-D8EA-488F-B6BD-FFCCB5A9C1A4}.Debug|Any CPU.ActiveCfg = Debug|Any CPU
		{6F52D931-D8EA-488F-B6BD-FFCCB5A9C1A4}.Debug|Any CPU.Build.0 = Debug|Any CPU
		{6F52D931-D8EA-488F-B6BD-FFCCB5A9C1A4}.Release|Any CPU.ActiveCfg = Release|Any CPU
		{6F52D931-D8EA-488F-B6BD-FFCCB5A9C1A4}.Release|Any CPU.Build.0 = Release|Any CPU
		{EA3498A3-97EF-45B8-A56B-3BB503F652AF}.Debug|Any CPU.ActiveCfg = Debug|Any CPU
		{EA3498A3-97EF-45B8-A56B-3BB503F652AF}.Debug|Any CPU.Build.0 = Debug|Any CPU
		{EA3498A3-97EF-45B8-A56B-3BB503F652AF}.Release|Any CPU.ActiveCfg = Release|Any CPU
		{EA3498A3-97EF-45B8-A56B-3BB503F652AF}.Release|Any CPU.Build.0 = Release|Any CPU
		{30FE903A-7BF3-4F0E-920D-9C3E1E0F4A0A}.Debug|Any CPU.ActiveCfg = Debug|Any CPU
		{30FE903A-7BF3-4F0E-920D-9C3E1E0F4A0A}.Debug|Any CPU.Build.0 = Debug|Any CPU
		{30FE903A-7BF3-4F0E-920D-9C3E1E0F4A0A}.Release|Any CPU.ActiveCfg = Release|Any CPU
		{30FE903A-7BF3-4F0E-920D-9C3E1E0F4A0A}.Release|Any CPU.Build.0 = Release|Any CPU
		{C03E0306-8FB8-41D4-95E2-4FEF7A7F6AD6}.Debug|Any CPU.ActiveCfg = Debug|Any CPU
		{C03E0306-8FB8-41D4-95E2-4FEF7A7F6AD6}.Debug|Any CPU.Build.0 = Debug|Any CPU
		{C03E0306-8FB8-41D4-95E2-4FEF7A7F6AD6}.Release|Any CPU.ActiveCfg = Release|Any CPU
		{C03E0306-8FB8-41D4-95E2-4FEF7A7F6AD6}.Release|Any CPU.Build.0 = Release|Any CPU
	EndGlobalSection
	GlobalSection(SolutionProperties) = preSolution
		HideSolutionNode = FALSE
	EndGlobalSection
	GlobalSection(NestedProjects) = preSolution
		{C03E0306-8FB8-41D4-95E2-4FEF7A7F6AD6} = {8C92EB51-CA6A-4B22-BC07-815B7F050673}
	EndGlobalSection
	GlobalSection(ExtensibilityGlobals) = postSolution
		SolutionGuid = {B83537C0-5052-4868-8BF6-B4FE8D09CE5A}
	EndGlobalSection
EndGlobal
